
Microsoft Visual Studio Solution File, Format Version 12.00
# Visual Studio Version 17
VisualStudioVersion = 17.0.31903.59
MinimumVisualStudioVersion = 10.0.40219.1
Project("{FAE04EC0-301F-11D3-BF4B-00C04F79EFBC}") = "MikyM.Common.EfCore.DataAccessLayer", "MikyM.Common.EfCore.DataAccessLayer\MikyM.Common.EfCore.DataAccessLayer.csproj", "{FEB419CB-AC07-4EB5-BB1F-7F73C46CC1AE}"
EndProject
Global
	GlobalSection(SolutionConfigurationPlatforms) = preSolution
		Debug|Any CPU = Debug|Any CPU
		Release|Any CPU = Release|Any CPU
	EndGlobalSection
	GlobalSection(ProjectConfigurationPlatforms) = postSolution
		{FEB419CB-AC07-4EB5-BB1F-7F73C46CC1AE}.Debug|Any CPU.ActiveCfg = Debug|Any CPU
		{FEB419CB-AC07-4EB5-BB1F-7F73C46CC1AE}.Debug|Any CPU.Build.0 = Debug|Any CPU
		{FEB419CB-AC07-4EB5-BB1F-7F73C46CC1AE}.Release|Any CPU.ActiveCfg = Release|Any CPU
		{FEB419CB-AC07-4EB5-BB1F-7F73C46CC1AE}.Release|Any CPU.Build.0 = Release|Any CPU
	EndGlobalSection
	GlobalSection(SolutionProperties) = preSolution
		HideSolutionNode = FALSE
	EndGlobalSection
	GlobalSection(ExtensibilityGlobals) = postSolution
		SolutionGuid = {D93B5BDD-D7B8-494D-AA0F-B374D4A52DB2}
	EndGlobalSection
EndGlobal
